// !$*UTF8*$!
{
	archiveVersion = 1;
	classes = {
	};
	objectVersion = 56;
	objects = {

/* Begin PBXBuildFile section */
		04123BAB29E6D877008A8262 /* AppsVC.swift in Sources */ = {isa = PBXBuildFile; fileRef = 04123BAA29E6D877008A8262 /* AppsVC.swift */; };
		04123BAD29E6D9B4008A8262 /* BaseListController.swift in Sources */ = {isa = PBXBuildFile; fileRef = 04123BAC29E6D9B4008A8262 /* BaseListController.swift */; };
		04123BAF29E6DBE9008A8262 /* AppsGroupCell.swift in Sources */ = {isa = PBXBuildFile; fileRef = 04123BAE29E6DBE9008A8262 /* AppsGroupCell.swift */; };
		04123BB129E7FD30008A8262 /* AppsHorizontalController.swift in Sources */ = {isa = PBXBuildFile; fileRef = 04123BB029E7FD30008A8262 /* AppsHorizontalController.swift */; };
		04123BB329EA9C37008A8262 /* AppRowCell.swift in Sources */ = {isa = PBXBuildFile; fileRef = 04123BB229EA9C37008A8262 /* AppRowCell.swift */; };
		04123BB629EA9D60008A8262 /* Extensions.swift in Sources */ = {isa = PBXBuildFile; fileRef = 04123BB529EA9D60008A8262 /* Extensions.swift */; };
		04123BB829EAB2D1008A8262 /* AppsHeaderView.swift in Sources */ = {isa = PBXBuildFile; fileRef = 04123BB729EAB2D1008A8262 /* AppsHeaderView.swift */; };
		04123BBA29EAB588008A8262 /* AppsHeaderHorizontalController.swift in Sources */ = {isa = PBXBuildFile; fileRef = 04123BB929EAB588008A8262 /* AppsHeaderHorizontalController.swift */; };
		04123BBF29EAC6F2008A8262 /* GetButton.swift in Sources */ = {isa = PBXBuildFile; fileRef = 04123BBE29EAC6F2008A8262 /* GetButton.swift */; };
		04123BC129EACC98008A8262 /* AppsHeaderCell.swift in Sources */ = {isa = PBXBuildFile; fileRef = 04123BC029EACC98008A8262 /* AppsHeaderCell.swift */; };
		04123BC329EBC292008A8262 /* AppResults.swift in Sources */ = {isa = PBXBuildFile; fileRef = 04123BC229EBC292008A8262 /* AppResults.swift */; };
		04123BC629EBEC86008A8262 /* SocialApp.swift in Sources */ = {isa = PBXBuildFile; fileRef = 04123BC529EBEC86008A8262 /* SocialApp.swift */; };
		04123BC829ED428D008A8262 /* HorizontalSnappingController.swift in Sources */ = {isa = PBXBuildFile; fileRef = 04123BC729ED428D008A8262 /* HorizontalSnappingController.swift */; };
		04123BCE29ED75E7008A8262 /* AppDetailVC.swift in Sources */ = {isa = PBXBuildFile; fileRef = 04123BCD29ED75E7008A8262 /* AppDetailVC.swift */; };
		046F3C1529EEBD9700439027 /* AppDetailsCell.swift in Sources */ = {isa = PBXBuildFile; fileRef = 046F3C1429EEBD9700439027 /* AppDetailsCell.swift */; };
		047644C429E434FD00B430BD /* SearchVC.swift in Sources */ = {isa = PBXBuildFile; fileRef = 047644C329E434FD00B430BD /* SearchVC.swift */; };
		047644CA29E4443400B430BD /* SearchResultCell.swift in Sources */ = {isa = PBXBuildFile; fileRef = 047644C929E4443400B430BD /* SearchResultCell.swift */; };
		047644CD29E56D7D00B430BD /* SearchResult.swift in Sources */ = {isa = PBXBuildFile; fileRef = 047644CC29E56D7D00B430BD /* SearchResult.swift */; };
		047644D029E687B200B430BD /* API Manager.swift in Sources */ = {isa = PBXBuildFile; fileRef = 047644CF29E687B200B430BD /* API Manager.swift */; };
		04EA636C29EF9A6B00570950 /* PreviewCell.swift in Sources */ = {isa = PBXBuildFile; fileRef = 04EA636B29EF9A6B00570950 /* PreviewCell.swift */; };
		04EA636E29EF9FB300570950 /* PreviewController.swift in Sources */ = {isa = PBXBuildFile; fileRef = 04EA636D29EF9FB300570950 /* PreviewController.swift */; };
		04EA637029EFC9F000570950 /* ReviewRowCell.swift in Sources */ = {isa = PBXBuildFile; fileRef = 04EA636F29EFC9F000570950 /* ReviewRowCell.swift */; };
		04EA637229EFCC3B00570950 /* ReviewsController.swift in Sources */ = {isa = PBXBuildFile; fileRef = 04EA637129EFCC3B00570950 /* ReviewsController.swift */; };
		04EA637629EFE46000570950 /* Reviews.swift in Sources */ = {isa = PBXBuildFile; fileRef = 04EA637529EFE46000570950 /* Reviews.swift */; };
		04EA637829EFE8B000570950 /* ReviewCell.swift in Sources */ = {isa = PBXBuildFile; fileRef = 04EA637729EFE8B000570950 /* ReviewCell.swift */; };
		04EFDFA429E419D10065E5E4 /* AppDelegate.swift in Sources */ = {isa = PBXBuildFile; fileRef = 04EFDFA329E419D10065E5E4 /* AppDelegate.swift */; };
		04EFDFA629E419D10065E5E4 /* SceneDelegate.swift in Sources */ = {isa = PBXBuildFile; fileRef = 04EFDFA529E419D10065E5E4 /* SceneDelegate.swift */; };
		04EFDFAD29E419D30065E5E4 /* Assets.xcassets in Resources */ = {isa = PBXBuildFile; fileRef = 04EFDFAC29E419D30065E5E4 /* Assets.xcassets */; };
		04EFDFB829E4204D0065E5E4 /* ASTabBarController.swift in Sources */ = {isa = PBXBuildFile; fileRef = 04EFDFB729E4204D0065E5E4 /* ASTabBarController.swift */; };
		6498D580BA287FED47ACB0E2 /* Pods_AppStore.framework in Frameworks */ = {isa = PBXBuildFile; fileRef = B272F864CAC2466DC962AE0C /* Pods_AppStore.framework */; };
/* End PBXBuildFile section */

/* Begin PBXFileReference section */
		04123BAA29E6D877008A8262 /* AppsVC.swift */ = {isa = PBXFileReference; lastKnownFileType = sourcecode.swift; path = AppsVC.swift; sourceTree = "<group>"; };
		04123BAC29E6D9B4008A8262 /* BaseListController.swift */ = {isa = PBXFileReference; lastKnownFileType = sourcecode.swift; path = BaseListController.swift; sourceTree = "<group>"; };
		04123BAE29E6DBE9008A8262 /* AppsGroupCell.swift */ = {isa = PBXFileReference; lastKnownFileType = sourcecode.swift; path = AppsGroupCell.swift; sourceTree = "<group>"; };
		04123BB029E7FD30008A8262 /* AppsHorizontalController.swift */ = {isa = PBXFileReference; lastKnownFileType = sourcecode.swift; path = AppsHorizontalController.swift; sourceTree = "<group>"; };
		04123BB229EA9C37008A8262 /* AppRowCell.swift */ = {isa = PBXFileReference; lastKnownFileType = sourcecode.swift; path = AppRowCell.swift; sourceTree = "<group>"; };
		04123BB529EA9D60008A8262 /* Extensions.swift */ = {isa = PBXFileReference; lastKnownFileType = sourcecode.swift; path = Extensions.swift; sourceTree = "<group>"; };
		04123BB729EAB2D1008A8262 /* AppsHeaderView.swift */ = {isa = PBXFileReference; lastKnownFileType = sourcecode.swift; path = AppsHeaderView.swift; sourceTree = "<group>"; };
		04123BB929EAB588008A8262 /* AppsHeaderHorizontalController.swift */ = {isa = PBXFileReference; lastKnownFileType = sourcecode.swift; path = AppsHeaderHorizontalController.swift; sourceTree = "<group>"; };
		04123BBE29EAC6F2008A8262 /* GetButton.swift */ = {isa = PBXFileReference; lastKnownFileType = sourcecode.swift; path = GetButton.swift; sourceTree = "<group>"; };
		04123BC029EACC98008A8262 /* AppsHeaderCell.swift */ = {isa = PBXFileReference; lastKnownFileType = sourcecode.swift; path = AppsHeaderCell.swift; sourceTree = "<group>"; };
		04123BC229EBC292008A8262 /* AppResults.swift */ = {isa = PBXFileReference; lastKnownFileType = sourcecode.swift; path = AppResults.swift; sourceTree = "<group>"; };
		04123BC529EBEC86008A8262 /* SocialApp.swift */ = {isa = PBXFileReference; lastKnownFileType = sourcecode.swift; path = SocialApp.swift; sourceTree = "<group>"; };
		04123BC729ED428D008A8262 /* HorizontalSnappingController.swift */ = {isa = PBXFileReference; lastKnownFileType = sourcecode.swift; path = HorizontalSnappingController.swift; sourceTree = "<group>"; };
		04123BCD29ED75E7008A8262 /* AppDetailVC.swift */ = {isa = PBXFileReference; lastKnownFileType = sourcecode.swift; path = AppDetailVC.swift; sourceTree = "<group>"; };
		046F3C1429EEBD9700439027 /* AppDetailsCell.swift */ = {isa = PBXFileReference; lastKnownFileType = sourcecode.swift; path = AppDetailsCell.swift; sourceTree = "<group>"; };
		047644C329E434FD00B430BD /* SearchVC.swift */ = {isa = PBXFileReference; lastKnownFileType = sourcecode.swift; path = SearchVC.swift; sourceTree = "<group>"; };
		047644C929E4443400B430BD /* SearchResultCell.swift */ = {isa = PBXFileReference; lastKnownFileType = sourcecode.swift; path = SearchResultCell.swift; sourceTree = "<group>"; };
		047644CC29E56D7D00B430BD /* SearchResult.swift */ = {isa = PBXFileReference; lastKnownFileType = sourcecode.swift; path = SearchResult.swift; sourceTree = "<group>"; };
		047644CF29E687B200B430BD /* API Manager.swift */ = {isa = PBXFileReference; lastKnownFileType = sourcecode.swift; path = "API Manager.swift"; sourceTree = "<group>"; };
		04EA636B29EF9A6B00570950 /* PreviewCell.swift */ = {isa = PBXFileReference; lastKnownFileType = sourcecode.swift; path = PreviewCell.swift; sourceTree = "<group>"; };
		04EA636D29EF9FB300570950 /* PreviewController.swift */ = {isa = PBXFileReference; lastKnownFileType = sourcecode.swift; path = PreviewController.swift; sourceTree = "<group>"; };
		04EA636F29EFC9F000570950 /* ReviewRowCell.swift */ = {isa = PBXFileReference; lastKnownFileType = sourcecode.swift; path = ReviewRowCell.swift; sourceTree = "<group>"; };
		04EA637129EFCC3B00570950 /* ReviewsController.swift */ = {isa = PBXFileReference; lastKnownFileType = sourcecode.swift; path = ReviewsController.swift; sourceTree = "<group>"; };
		04EA637529EFE46000570950 /* Reviews.swift */ = {isa = PBXFileReference; lastKnownFileType = sourcecode.swift; path = Reviews.swift; sourceTree = "<group>"; };
		04EA637729EFE8B000570950 /* ReviewCell.swift */ = {isa = PBXFileReference; lastKnownFileType = sourcecode.swift; path = ReviewCell.swift; sourceTree = "<group>"; };
		04EFDFA029E419D10065E5E4 /* AppStore.app */ = {isa = PBXFileReference; explicitFileType = wrapper.application; includeInIndex = 0; path = AppStore.app; sourceTree = BUILT_PRODUCTS_DIR; };
		04EFDFA329E419D10065E5E4 /* AppDelegate.swift */ = {isa = PBXFileReference; lastKnownFileType = sourcecode.swift; path = AppDelegate.swift; sourceTree = "<group>"; };
		04EFDFA529E419D10065E5E4 /* SceneDelegate.swift */ = {isa = PBXFileReference; lastKnownFileType = sourcecode.swift; path = SceneDelegate.swift; sourceTree = "<group>"; };
		04EFDFAC29E419D30065E5E4 /* Assets.xcassets */ = {isa = PBXFileReference; lastKnownFileType = folder.assetcatalog; path = Assets.xcassets; sourceTree = "<group>"; };
		04EFDFB129E419D30065E5E4 /* Info.plist */ = {isa = PBXFileReference; lastKnownFileType = text.plist.xml; path = Info.plist; sourceTree = "<group>"; };
		04EFDFB729E4204D0065E5E4 /* ASTabBarController.swift */ = {isa = PBXFileReference; lastKnownFileType = sourcecode.swift; path = ASTabBarController.swift; sourceTree = "<group>"; };
		93339840E7142D9AB8A18D45 /* Pods-AppStore.debug.xcconfig */ = {isa = PBXFileReference; includeInIndex = 1; lastKnownFileType = text.xcconfig; name = "Pods-AppStore.debug.xcconfig"; path = "Target Support Files/Pods-AppStore/Pods-AppStore.debug.xcconfig"; sourceTree = "<group>"; };
		A82AC132C6FFD7DBCC025DEC /* Pods-AppStore.release.xcconfig */ = {isa = PBXFileReference; includeInIndex = 1; lastKnownFileType = text.xcconfig; name = "Pods-AppStore.release.xcconfig"; path = "Target Support Files/Pods-AppStore/Pods-AppStore.release.xcconfig"; sourceTree = "<group>"; };
		B272F864CAC2466DC962AE0C /* Pods_AppStore.framework */ = {isa = PBXFileReference; explicitFileType = wrapper.framework; includeInIndex = 0; path = Pods_AppStore.framework; sourceTree = BUILT_PRODUCTS_DIR; };
/* End PBXFileReference section */

/* Begin PBXFrameworksBuildPhase section */
		04EFDF9D29E419D10065E5E4 /* Frameworks */ = {
			isa = PBXFrameworksBuildPhase;
			buildActionMask = 2147483647;
			files = (
				6498D580BA287FED47ACB0E2 /* Pods_AppStore.framework in Frameworks */,
			);
			runOnlyForDeploymentPostprocessing = 0;
		};
/* End PBXFrameworksBuildPhase section */

/* Begin PBXGroup section */
		04123BB429EA9D56008A8262 /* Helpers */ = {
			isa = PBXGroup;
			children = (
				04123BB529EA9D60008A8262 /* Extensions.swift */,
			);
			path = Helpers;
			sourceTree = "<group>";
		};
		04123BBB29EAB674008A8262 /* Apps */ = {
			isa = PBXGroup;
			children = (
				04123BB729EAB2D1008A8262 /* AppsHeaderView.swift */,
				04123BC029EACC98008A8262 /* AppsHeaderCell.swift */,
				04123BAE29E6DBE9008A8262 /* AppsGroupCell.swift */,
				04123BB229EA9C37008A8262 /* AppRowCell.swift */,
			);
			path = Apps;
			sourceTree = "<group>";
		};
		04123BC429EBD403008A8262 /* Apps */ = {
			isa = PBXGroup;
			children = (
				04123BAA29E6D877008A8262 /* AppsVC.swift */,
				04123BB929EAB588008A8262 /* AppsHeaderHorizontalController.swift */,
				04123BB029E7FD30008A8262 /* AppsHorizontalController.swift */,
			);
			name = Apps;
			sourceTree = "<group>";
		};
		0431731629F1386C0094C3EE /* Detail */ = {
			isa = PBXGroup;
			children = (
				04123BCD29ED75E7008A8262 /* AppDetailVC.swift */,
				04EA636D29EF9FB300570950 /* PreviewController.swift */,
				04EA637129EFCC3B00570950 /* ReviewsController.swift */,
			);
			name = Detail;
			sourceTree = "<group>";
		};
		0431731729F138AC0094C3EE /* Custom */ = {
			isa = PBXGroup;
			children = (
				04123BBE29EAC6F2008A8262 /* GetButton.swift */,
			);
			path = Custom;
			sourceTree = "<group>";
		};
		0431731829F139770094C3EE /* Custom */ = {
			isa = PBXGroup;
			children = (
				04123BAC29E6D9B4008A8262 /* BaseListController.swift */,
				04123BC729ED428D008A8262 /* HorizontalSnappingController.swift */,
			);
			name = Custom;
			sourceTree = "<group>";
		};
		046F3C1329EEBD7F00439027 /* Details */ = {
			isa = PBXGroup;
			children = (
				046F3C1429EEBD9700439027 /* AppDetailsCell.swift */,
				04EA636B29EF9A6B00570950 /* PreviewCell.swift */,
				04EA636F29EFC9F000570950 /* ReviewRowCell.swift */,
				04EA637729EFE8B000570950 /* ReviewCell.swift */,
			);
			path = Details;
			sourceTree = "<group>";
		};
		047644C529E4350400B430BD /* Controllers */ = {
			isa = PBXGroup;
			children = (
				0431731829F139770094C3EE /* Custom */,
				04EFDFB729E4204D0065E5E4 /* ASTabBarController.swift */,
				047644C329E434FD00B430BD /* SearchVC.swift */,
				04123BC429EBD403008A8262 /* Apps */,
				0431731629F1386C0094C3EE /* Detail */,
			);
			name = Controllers;
			sourceTree = "<group>";
		};
		047644C629E4353600B430BD /* Support */ = {
			isa = PBXGroup;
			children = (
				04EFDFA529E419D10065E5E4 /* SceneDelegate.swift */,
				04EFDFA329E419D10065E5E4 /* AppDelegate.swift */,
				04EFDFAC29E419D30065E5E4 /* Assets.xcassets */,
			);
			path = Support;
			sourceTree = "<group>";
		};
		047644C729E4357200B430BD /* Views */ = {
			isa = PBXGroup;
			children = (
				0431731729F138AC0094C3EE /* Custom */,
				047644C929E4443400B430BD /* SearchResultCell.swift */,
				046F3C1329EEBD7F00439027 /* Details */,
				04123BBB29EAB674008A8262 /* Apps */,
			);
			path = Views;
			sourceTree = "<group>";
		};
		047644CB29E56D5D00B430BD /* Model */ = {
			isa = PBXGroup;
			children = (
				047644CC29E56D7D00B430BD /* SearchResult.swift */,
				04123BC229EBC292008A8262 /* AppResults.swift */,
				04123BC529EBEC86008A8262 /* SocialApp.swift */,
				04EA637529EFE46000570950 /* Reviews.swift */,
			);
			path = Model;
			sourceTree = "<group>";
		};
		047644CE29E6879E00B430BD /* Managers */ = {
			isa = PBXGroup;
			children = (
				047644CF29E687B200B430BD /* API Manager.swift */,
			);
			path = Managers;
			sourceTree = "<group>";
		};
		04EFDF9729E419D10065E5E4 = {
			isa = PBXGroup;
			children = (
				04EFDFA229E419D10065E5E4 /* AppStore */,
				6698ADDC08C10CA364450304 /* Pods */,
				F5F2F2DB5CA3C521ABD63D8D /* Frameworks */,
			);
			sourceTree = "<group>";
		};
		04EFDFA129E419D10065E5E4 /* Products */ = {
			isa = PBXGroup;
			children = (
				04EFDFA029E419D10065E5E4 /* AppStore.app */,
			);
			name = Products;
			path = ..;
			sourceTree = "<group>";
		};
		04EFDFA229E419D10065E5E4 /* AppStore */ = {
			isa = PBXGroup;
			children = (
				04123BB429EA9D56008A8262 /* Helpers */,
				047644CE29E6879E00B430BD /* Managers */,
				047644CB29E56D5D00B430BD /* Model */,
				047644C729E4357200B430BD /* Views */,
				047644C529E4350400B430BD /* Controllers */,
				047644C629E4353600B430BD /* Support */,
				04EFDFB129E419D30065E5E4 /* Info.plist */,
				04EFDFA129E419D10065E5E4 /* Products */,
			);
			path = AppStore;
			sourceTree = "<group>";
		};
		6698ADDC08C10CA364450304 /* Pods */ = {
			isa = PBXGroup;
			children = (
				93339840E7142D9AB8A18D45 /* Pods-AppStore.debug.xcconfig */,
				A82AC132C6FFD7DBCC025DEC /* Pods-AppStore.release.xcconfig */,
			);
			path = Pods;
			sourceTree = "<group>";
		};
		F5F2F2DB5CA3C521ABD63D8D /* Frameworks */ = {
			isa = PBXGroup;
			children = (
				B272F864CAC2466DC962AE0C /* Pods_AppStore.framework */,
			);
			name = Frameworks;
			sourceTree = "<group>";
		};
/* End PBXGroup section */

/* Begin PBXNativeTarget section */
		04EFDF9F29E419D10065E5E4 /* AppStore */ = {
			isa = PBXNativeTarget;
			buildConfigurationList = 04EFDFB429E419D30065E5E4 /* Build configuration list for PBXNativeTarget "AppStore" */;
			buildPhases = (
				88EF9E2B41FC104A5BB978D3 /* [CP] Check Pods Manifest.lock */,
				04EFDF9C29E419D10065E5E4 /* Sources */,
				04EFDF9D29E419D10065E5E4 /* Frameworks */,
				04EFDF9E29E419D10065E5E4 /* Resources */,
				361C71888EFD4E4BA0415378 /* [CP] Embed Pods Frameworks */,
			);
			buildRules = (
			);
			dependencies = (
			);
			name = AppStore;
			productName = AppStore;
			productReference = 04EFDFA029E419D10065E5E4 /* AppStore.app */;
			productType = "com.apple.product-type.application";
		};
/* End PBXNativeTarget section */

/* Begin PBXProject section */
		04EFDF9829E419D10065E5E4 /* Project object */ = {
			isa = PBXProject;
			attributes = {
				BuildIndependentTargetsInParallel = 1;
				LastSwiftUpdateCheck = 1430;
				LastUpgradeCheck = 1430;
				TargetAttributes = {
					04EFDF9F29E419D10065E5E4 = {
						CreatedOnToolsVersion = 14.3;
					};
				};
			};
			buildConfigurationList = 04EFDF9B29E419D10065E5E4 /* Build configuration list for PBXProject "AppStore" */;
			compatibilityVersion = "Xcode 14.0";
			developmentRegion = en;
			hasScannedForEncodings = 0;
			knownRegions = (
				en,
				Base,
			);
			mainGroup = 04EFDF9729E419D10065E5E4;
			productRefGroup = 04EFDFA129E419D10065E5E4 /* Products */;
			projectDirPath = "";
			projectRoot = "";
			targets = (
				04EFDF9F29E419D10065E5E4 /* AppStore */,
			);
		};
/* End PBXProject section */

/* Begin PBXResourcesBuildPhase section */
		04EFDF9E29E419D10065E5E4 /* Resources */ = {
			isa = PBXResourcesBuildPhase;
			buildActionMask = 2147483647;
			files = (
				04EFDFAD29E419D30065E5E4 /* Assets.xcassets in Resources */,
			);
			runOnlyForDeploymentPostprocessing = 0;
		};
/* End PBXResourcesBuildPhase section */

/* Begin PBXShellScriptBuildPhase section */
		361C71888EFD4E4BA0415378 /* [CP] Embed Pods Frameworks */ = {
			isa = PBXShellScriptBuildPhase;
			buildActionMask = 2147483647;
			files = (
			);
			inputFileListPaths = (
				"${PODS_ROOT}/Target Support Files/Pods-AppStore/Pods-AppStore-frameworks-${CONFIGURATION}-input-files.xcfilelist",
			);
			name = "[CP] Embed Pods Frameworks";
			outputFileListPaths = (
				"${PODS_ROOT}/Target Support Files/Pods-AppStore/Pods-AppStore-frameworks-${CONFIGURATION}-output-files.xcfilelist",
			);
			runOnlyForDeploymentPostprocessing = 0;
			shellPath = /bin/sh;
			shellScript = "\"${PODS_ROOT}/Target Support Files/Pods-AppStore/Pods-AppStore-frameworks.sh\"\n";
			showEnvVarsInLog = 0;
		};
		88EF9E2B41FC104A5BB978D3 /* [CP] Check Pods Manifest.lock */ = {
			isa = PBXShellScriptBuildPhase;
			buildActionMask = 2147483647;
			files = (
			);
			inputFileListPaths = (
			);
			inputPaths = (
				"${PODS_PODFILE_DIR_PATH}/Podfile.lock",
				"${PODS_ROOT}/Manifest.lock",
			);
			name = "[CP] Check Pods Manifest.lock";
			outputFileListPaths = (
			);
			outputPaths = (
				"$(DERIVED_FILE_DIR)/Pods-AppStore-checkManifestLockResult.txt",
			);
			runOnlyForDeploymentPostprocessing = 0;
			shellPath = /bin/sh;
			shellScript = "diff \"${PODS_PODFILE_DIR_PATH}/Podfile.lock\" \"${PODS_ROOT}/Manifest.lock\" > /dev/null\nif [ $? != 0 ] ; then\n    # print error to STDERR\n    echo \"error: The sandbox is not in sync with the Podfile.lock. Run 'pod install' or update your CocoaPods installation.\" >&2\n    exit 1\nfi\n# This output is used by Xcode 'outputs' to avoid re-running this script phase.\necho \"SUCCESS\" > \"${SCRIPT_OUTPUT_FILE_0}\"\n";
			showEnvVarsInLog = 0;
		};
/* End PBXShellScriptBuildPhase section */

/* Begin PBXSourcesBuildPhase section */
		04EFDF9C29E419D10065E5E4 /* Sources */ = {
			isa = PBXSourcesBuildPhase;
			buildActionMask = 2147483647;
			files = (
				04EA636E29EF9FB300570950 /* PreviewController.swift in Sources */,
				04123BC329EBC292008A8262 /* AppResults.swift in Sources */,
				04123BB829EAB2D1008A8262 /* AppsHeaderView.swift in Sources */,
				04123BC629EBEC86008A8262 /* SocialApp.swift in Sources */,
				04123BBF29EAC6F2008A8262 /* GetButton.swift in Sources */,
				04EA636C29EF9A6B00570950 /* PreviewCell.swift in Sources */,
				04EA637629EFE46000570950 /* Reviews.swift in Sources */,
				04123BAD29E6D9B4008A8262 /* BaseListController.swift in Sources */,
				04123BC129EACC98008A8262 /* AppsHeaderCell.swift in Sources */,
				04EA637029EFC9F000570950 /* ReviewRowCell.swift in Sources */,
				046F3C1529EEBD9700439027 /* AppDetailsCell.swift in Sources */,
				04123BAF29E6DBE9008A8262 /* AppsGroupCell.swift in Sources */,
				047644D029E687B200B430BD /* API Manager.swift in Sources */,
				04EA637829EFE8B000570950 /* ReviewCell.swift in Sources */,
				047644CD29E56D7D00B430BD /* SearchResult.swift in Sources */,
				04EFDFB829E4204D0065E5E4 /* ASTabBarController.swift in Sources */,
				04123BAB29E6D877008A8262 /* AppsVC.swift in Sources */,
				04EFDFA429E419D10065E5E4 /* AppDelegate.swift in Sources */,
				04EFDFA629E419D10065E5E4 /* SceneDelegate.swift in Sources */,
				04123BCE29ED75E7008A8262 /* AppDetailVC.swift in Sources */,
				04123BBA29EAB588008A8262 /* AppsHeaderHorizontalController.swift in Sources */,
				047644CA29E4443400B430BD /* SearchResultCell.swift in Sources */,
				04123BB329EA9C37008A8262 /* AppRowCell.swift in Sources */,
				04EA637229EFCC3B00570950 /* ReviewsController.swift in Sources */,
				04123BC829ED428D008A8262 /* HorizontalSnappingController.swift in Sources */,
				047644C429E434FD00B430BD /* SearchVC.swift in Sources */,
				04123BB129E7FD30008A8262 /* AppsHorizontalController.swift in Sources */,
				04123BB629EA9D60008A8262 /* Extensions.swift in Sources */,
			);
			runOnlyForDeploymentPostprocessing = 0;
		};
/* End PBXSourcesBuildPhase section */

/* Begin XCBuildConfiguration section */
		04EFDFB229E419D30065E5E4 /* Debug */ = {
			isa = XCBuildConfiguration;
			buildSettings = {
				ALWAYS_SEARCH_USER_PATHS = NO;
				CLANG_ANALYZER_NONNULL = YES;
				CLANG_ANALYZER_NUMBER_OBJECT_CONVERSION = YES_AGGRESSIVE;
				CLANG_CXX_LANGUAGE_STANDARD = "gnu++20";
				CLANG_ENABLE_MODULES = YES;
				CLANG_ENABLE_OBJC_ARC = YES;
				CLANG_ENABLE_OBJC_WEAK = YES;
				CLANG_WARN_BLOCK_CAPTURE_AUTORELEASING = YES;
				CLANG_WARN_BOOL_CONVERSION = YES;
				CLANG_WARN_COMMA = YES;
				CLANG_WARN_CONSTANT_CONVERSION = YES;
				CLANG_WARN_DEPRECATED_OBJC_IMPLEMENTATIONS = YES;
				CLANG_WARN_DIRECT_OBJC_ISA_USAGE = YES_ERROR;
				CLANG_WARN_DOCUMENTATION_COMMENTS = YES;
				CLANG_WARN_EMPTY_BODY = YES;
				CLANG_WARN_ENUM_CONVERSION = YES;
				CLANG_WARN_INFINITE_RECURSION = YES;
				CLANG_WARN_INT_CONVERSION = YES;
				CLANG_WARN_NON_LITERAL_NULL_CONVERSION = YES;
				CLANG_WARN_OBJC_IMPLICIT_RETAIN_SELF = YES;
				CLANG_WARN_OBJC_LITERAL_CONVERSION = YES;
				CLANG_WARN_OBJC_ROOT_CLASS = YES_ERROR;
				CLANG_WARN_QUOTED_INCLUDE_IN_FRAMEWORK_HEADER = YES;
				CLANG_WARN_RANGE_LOOP_ANALYSIS = YES;
				CLANG_WARN_STRICT_PROTOTYPES = YES;
				CLANG_WARN_SUSPICIOUS_MOVE = YES;
				CLANG_WARN_UNGUARDED_AVAILABILITY = YES_AGGRESSIVE;
				CLANG_WARN_UNREACHABLE_CODE = YES;
				CLANG_WARN__DUPLICATE_METHOD_MATCH = YES;
				COPY_PHASE_STRIP = NO;
				DEBUG_INFORMATION_FORMAT = dwarf;
				ENABLE_STRICT_OBJC_MSGSEND = YES;
				ENABLE_TESTABILITY = YES;
				GCC_C_LANGUAGE_STANDARD = gnu11;
				GCC_DYNAMIC_NO_PIC = NO;
				GCC_NO_COMMON_BLOCKS = YES;
				GCC_OPTIMIZATION_LEVEL = 0;
				GCC_PREPROCESSOR_DEFINITIONS = (
					"DEBUG=1",
					"$(inherited)",
				);
				GCC_WARN_64_TO_32_BIT_CONVERSION = YES;
				GCC_WARN_ABOUT_RETURN_TYPE = YES_ERROR;
				GCC_WARN_UNDECLARED_SELECTOR = YES;
				GCC_WARN_UNINITIALIZED_AUTOS = YES_AGGRESSIVE;
				GCC_WARN_UNUSED_FUNCTION = YES;
				GCC_WARN_UNUSED_VARIABLE = YES;
				IPHONEOS_DEPLOYMENT_TARGET = 16.4;
				MTL_ENABLE_DEBUG_INFO = INCLUDE_SOURCE;
				MTL_FAST_MATH = YES;
				ONLY_ACTIVE_ARCH = YES;
				SDKROOT = iphoneos;
				SWIFT_ACTIVE_COMPILATION_CONDITIONS = DEBUG;
				SWIFT_OPTIMIZATION_LEVEL = "-Onone";
			};
			name = Debug;
		};
		04EFDFB329E419D30065E5E4 /* Release */ = {
			isa = XCBuildConfiguration;
			buildSettings = {
				ALWAYS_SEARCH_USER_PATHS = NO;
				CLANG_ANALYZER_NONNULL = YES;
				CLANG_ANALYZER_NUMBER_OBJECT_CONVERSION = YES_AGGRESSIVE;
				CLANG_CXX_LANGUAGE_STANDARD = "gnu++20";
				CLANG_ENABLE_MODULES = YES;
				CLANG_ENABLE_OBJC_ARC = YES;
				CLANG_ENABLE_OBJC_WEAK = YES;
				CLANG_WARN_BLOCK_CAPTURE_AUTORELEASING = YES;
				CLANG_WARN_BOOL_CONVERSION = YES;
				CLANG_WARN_COMMA = YES;
				CLANG_WARN_CONSTANT_CONVERSION = YES;
				CLANG_WARN_DEPRECATED_OBJC_IMPLEMENTATIONS = YES;
				CLANG_WARN_DIRECT_OBJC_ISA_USAGE = YES_ERROR;
				CLANG_WARN_DOCUMENTATION_COMMENTS = YES;
				CLANG_WARN_EMPTY_BODY = YES;
				CLANG_WARN_ENUM_CONVERSION = YES;
				CLANG_WARN_INFINITE_RECURSION = YES;
				CLANG_WARN_INT_CONVERSION = YES;
				CLANG_WARN_NON_LITERAL_NULL_CONVERSION = YES;
				CLANG_WARN_OBJC_IMPLICIT_RETAIN_SELF = YES;
				CLANG_WARN_OBJC_LITERAL_CONVERSION = YES;
				CLANG_WARN_OBJC_ROOT_CLASS = YES_ERROR;
				CLANG_WARN_QUOTED_INCLUDE_IN_FRAMEWORK_HEADER = YES;
				CLANG_WARN_RANGE_LOOP_ANALYSIS = YES;
				CLANG_WARN_STRICT_PROTOTYPES = YES;
				CLANG_WARN_SUSPICIOUS_MOVE = YES;
				CLANG_WARN_UNGUARDED_AVAILABILITY = YES_AGGRESSIVE;
				CLANG_WARN_UNREACHABLE_CODE = YES;
				CLANG_WARN__DUPLICATE_METHOD_MATCH = YES;
				COPY_PHASE_STRIP = NO;
				DEBUG_INFORMATION_FORMAT = "dwarf-with-dsym";
				ENABLE_NS_ASSERTIONS = NO;
				ENABLE_STRICT_OBJC_MSGSEND = YES;
				GCC_C_LANGUAGE_STANDARD = gnu11;
				GCC_NO_COMMON_BLOCKS = YES;
				GCC_WARN_64_TO_32_BIT_CONVERSION = YES;
				GCC_WARN_ABOUT_RETURN_TYPE = YES_ERROR;
				GCC_WARN_UNDECLARED_SELECTOR = YES;
				GCC_WARN_UNINITIALIZED_AUTOS = YES_AGGRESSIVE;
				GCC_WARN_UNUSED_FUNCTION = YES;
				GCC_WARN_UNUSED_VARIABLE = YES;
				IPHONEOS_DEPLOYMENT_TARGET = 16.4;
				MTL_ENABLE_DEBUG_INFO = NO;
				MTL_FAST_MATH = YES;
				SDKROOT = iphoneos;
				SWIFT_COMPILATION_MODE = wholemodule;
				SWIFT_OPTIMIZATION_LEVEL = "-O";
				VALIDATE_PRODUCT = YES;
			};
			name = Release;
		};
		04EFDFB529E419D30065E5E4 /* Debug */ = {
			isa = XCBuildConfiguration;
			baseConfigurationReference = 93339840E7142D9AB8A18D45 /* Pods-AppStore.debug.xcconfig */;
			buildSettings = {
				ASSETCATALOG_COMPILER_APPICON_NAME = AppIcon;
				ASSETCATALOG_COMPILER_GLOBAL_ACCENT_COLOR_NAME = AccentColor;
				CODE_SIGN_STYLE = Automatic;
				CURRENT_PROJECT_VERSION = 1;
				DEVELOPMENT_TEAM = 6QP8K8B8C9;
				GENERATE_INFOPLIST_FILE = YES;
				INFOPLIST_FILE = AppStore/Info.plist;
				INFOPLIST_KEY_UIApplicationSupportsIndirectInputEvents = YES;
				INFOPLIST_KEY_UILaunchStoryboardName = LaunchScreen;
				INFOPLIST_KEY_UISupportedInterfaceOrientations = UIInterfaceOrientationPortrait;
				INFOPLIST_KEY_UISupportedInterfaceOrientations_iPad = "UIInterfaceOrientationLandscapeLeft UIInterfaceOrientationLandscapeRight UIInterfaceOrientationPortrait UIInterfaceOrientationPortraitUpsideDown";
				IPHONEOS_DEPLOYMENT_TARGET = 14.0;
				LD_RUNPATH_SEARCH_PATHS = (
					"$(inherited)",
					"@executable_path/Frameworks",
				);
				MARKETING_VERSION = 1.0;
				PRODUCT_BUNDLE_IDENTIFIER = com.mancmiller.AppStore;
				PRODUCT_NAME = "$(TARGET_NAME)";
				SUPPORTED_PLATFORMS = "iphoneos iphonesimulator";
				SUPPORTS_MACCATALYST = NO;
				SUPPORTS_MAC_DESIGNED_FOR_IPHONE_IPAD = NO;
				SWIFT_EMIT_LOC_STRINGS = YES;
				SWIFT_VERSION = 5.0;
				TARGETED_DEVICE_FAMILY = 1;
			};
			name = Debug;
		};
		04EFDFB629E419D30065E5E4 /* Release */ = {
			isa = XCBuildConfiguration;
			baseConfigurationReference = A82AC132C6FFD7DBCC025DEC /* Pods-AppStore.release.xcconfig */;
			buildSettings = {
				ASSETCATALOG_COMPILER_APPICON_NAME = AppIcon;
				ASSETCATALOG_COMPILER_GLOBAL_ACCENT_COLOR_NAME = AccentColor;
				CODE_SIGN_STYLE = Automatic;
				CURRENT_PROJECT_VERSION = 1;
				DEVELOPMENT_TEAM = 6QP8K8B8C9;
				GENERATE_INFOPLIST_FILE = YES;
				INFOPLIST_FILE = AppStore/Info.plist;
				INFOPLIST_KEY_UIApplicationSupportsIndirectInputEvents = YES;
				INFOPLIST_KEY_UILaunchStoryboardName = LaunchScreen;
				INFOPLIST_KEY_UISupportedInterfaceOrientations = UIInterfaceOrientationPortrait;
				INFOPLIST_KEY_UISupportedInterfaceOrientations_iPad = "UIInterfaceOrientationLandscapeLeft UIInterfaceOrientationLandscapeRight UIInterfaceOrientationPortrait UIInterfaceOrientationPortraitUpsideDown";
				IPHONEOS_DEPLOYMENT_TARGET = 14.0;
				LD_RUNPATH_SEARCH_PATHS = (
					"$(inherited)",
					"@executable_path/Frameworks",
				);
				MARKETING_VERSION = 1.0;
				PRODUCT_BUNDLE_IDENTIFIER = com.mancmiller.AppStore;
				PRODUCT_NAME = "$(TARGET_NAME)";
				SUPPORTED_PLATFORMS = "iphoneos iphonesimulator";
				SUPPORTS_MACCATALYST = NO;
				SUPPORTS_MAC_DESIGNED_FOR_IPHONE_IPAD = NO;
				SWIFT_EMIT_LOC_STRINGS = YES;
				SWIFT_VERSION = 5.0;
				TARGETED_DEVICE_FAMILY = 1;
			};
			name = Release;
		};
/* End XCBuildConfiguration section */

/* Begin XCConfigurationList section */
		04EFDF9B29E419D10065E5E4 /* Build configuration list for PBXProject "AppStore" */ = {
			isa = XCConfigurationList;
			buildConfigurations = (
				04EFDFB229E419D30065E5E4 /* Debug */,
				04EFDFB329E419D30065E5E4 /* Release */,
			);
			defaultConfigurationIsVisible = 0;
			defaultConfigurationName = Release;
		};
		04EFDFB429E419D30065E5E4 /* Build configuration list for PBXNativeTarget "AppStore" */ = {
			isa = XCConfigurationList;
			buildConfigurations = (
				04EFDFB529E419D30065E5E4 /* Debug */,
				04EFDFB629E419D30065E5E4 /* Release */,
			);
			defaultConfigurationIsVisible = 0;
			defaultConfigurationName = Release;
		};
/* End XCConfigurationList section */
	};
	rootObject = 04EFDF9829E419D10065E5E4 /* Project object */;
}
